
Microsoft Visual Studio Solution File, Format Version 12.00
# Visual Studio Version 16
VisualStudioVersion = 16.0.32002.261
MinimumVisualStudioVersion = 10.0.40219.1
Project("{FAE04EC0-301F-11D3-BF4B-00C04F79EFBC}") = "Task1", "Task1\Task1.csproj", "{EEAF3E95-99DF-4B03-8601-DDB5008AD283}"
EndProject
Global
	GlobalSection(SolutionConfigurationPlatforms) = preSolution
		Debug|Any CPU = Debug|Any CPU
		Release|Any CPU = Release|Any CPU
	EndGlobalSection
	GlobalSection(ProjectConfigurationPlatforms) = postSolution
		{EEAF3E95-99DF-4B03-8601-DDB5008AD283}.Debug|Any CPU.ActiveCfg = Debug|Any CPU
		{EEAF3E95-99DF-4B03-8601-DDB5008AD283}.Debug|Any CPU.Build.0 = Debug|Any CPU
		{EEAF3E95-99DF-4B03-8601-DDB5008AD283}.Release|Any CPU.ActiveCfg = Release|Any CPU
		{EEAF3E95-99DF-4B03-8601-DDB5008AD283}.Release|Any CPU.Build.0 = Release|Any CPU
	EndGlobalSection
	GlobalSection(SolutionProperties) = preSolution
		HideSolutionNode = FALSE
	EndGlobalSection
	GlobalSection(ExtensibilityGlobals) = postSolution
		SolutionGuid = {96D4CBE3-3228-47B3-BFE5-AD4794335A19}
	EndGlobalSection
EndGlobal
